
Microsoft Visual Studio Solution File, Format Version 12.00
# Visual Studio Version 17
VisualStudioVersion = 17.4.33213.308
MinimumVisualStudioVersion = 10.0.40219.1
Project("{888888A0-9F3D-457C-B088-3A5042F75D52}") = "log in", "log in\log in.pyproj", "{8FFA9DBF-8593-439F-B37A-9AEEDC6E0B28}"
EndProject
Global
	GlobalSection(SolutionConfigurationPlatforms) = preSolution
		Debug|Any CPU = Debug|Any CPU
		Release|Any CPU = Release|Any CPU
	EndGlobalSection
	GlobalSection(ProjectConfigurationPlatforms) = postSolution
		{8FFA9DBF-8593-439F-B37A-9AEEDC6E0B28}.Debug|Any CPU.ActiveCfg = Debug|Any CPU
		{8FFA9DBF-8593-439F-B37A-9AEEDC6E0B28}.Release|Any CPU.ActiveCfg = Release|Any CPU
	EndGlobalSection
	GlobalSection(SolutionProperties) = preSolution
		HideSolutionNode = FALSE
	EndGlobalSection
	GlobalSection(ExtensibilityGlobals) = postSolution
		SolutionGuid = {49D31E9C-088F-4180-ABF5-D28757BDB98F}
	EndGlobalSection
EndGlobal
